{
  "nodes": {
    "ebil": {
      "inputs": {
        "nixpkgs": [
          "nixpkgs"
        ]
      },
      "locked": {
        "lastModified": 1788872481,
        "narHash": "sha256-IdzmGXy/3rg3Fjy82feuit8Qgz1tnS+WogNa2w/klM0=",
        "ref": "refs/heads/main",
        "rev": "71ce6546aa64e31fce4a240ce76e853ef56ecc8f",
        "revCount": 22,
        "type": "git",
        "url": "https://codeberg.org/comfysage/ebil.git"
      },
      "original": {
        "type": "git",
        "url": "https://codeberg.org/comfysage/ebil.git"
      }
    },
    "nixpkgs": {
      "locked": {
        "lastModified": 1789844176,
        "narHash": "sha256-COQmpo4lFIzMgUjr3ntDpjH0NwrCnf7N0uhR+6WPGP8=",
        "owner": "nixos",
        "repo": "nixpkgs",
        "rev": "79b35bf0bda5cd110f856aa5b5b2c5ba4460dbf5",
        "type": "github"
      },
      "original": {
        "owner": "nixos",
        "ref": "nixpkgs-unstable",
        "repo": "nixpkgs",
        "type": "github"
      }
    },
    "root": {
      "inputs": {
        "ebil": "ebil",
        "nixpkgs": "nixpkgs",
        "whiskers": "whiskers"
      }
    },
    "whiskers": {
      "inputs": {
        "nixpkgs": [
          "nixpkgs"
        ]
      },
      "locked": {
        "lastModified": 1789329367,
        "narHash": "sha256-tbXWd+Gje7ymO1FyAZcztMy52Uj+RIRFzZIU9tC6MMI=",
        "owner": "everviolet",
        "repo": "whiskers",
        "rev": "f2a9a22cbdf9f541594fe1ba22dc4164c3234545",
        "type": "github"
      },
      "original": {
        "owner": "everviolet",
        "repo": "whiskers",
        "type": "github"
      }
    }
  },
  "root": "root",
  "version": 7
}
