{
  "nodes": {
    "ebil": {
      "inputs": {
        "nixpkgs": [
          "nixpkgs"
        ]
      },
      "locked": {
        "lastModified": 1786916081,
        "narHash": "sha256-vglldgUuRqqLr6RIy+eCwJlraM+SSda2KFxqUrog8Ns=",
        "ref": "refs/heads/main",
        "rev": "506b0be867170c8b4246a2f4548143a182e3b5d1",
        "revCount": 20,
        "type": "git",
        "url": "https://codeberg.org/comfysage/ebil.git"
      },
      "original": {
        "type": "git",
        "url": "https://codeberg.org/comfysage/ebil.git"
      }
    },
    "nixpkgs": {
      "locked": {
        "lastModified": 1786719841,
        "narHash": "sha256-QcpQOT0NQEFkI77t+YXPZqDJc35iIodG7zinieOwFUg=",
        "owner": "nixos",
        "repo": "nixpkgs",
        "rev": "8be7bd0c83f12e2e3bbba07c9044d6fed9e66f7f",
        "type": "github"
      },
      "original": {
        "owner": "nixos",
        "ref": "nixpkgs-unstable",
        "repo": "nixpkgs",
        "type": "github"
      }
    },
    "root": {
      "inputs": {
        "ebil": "ebil",
        "nixpkgs": "nixpkgs",
        "whiskers": "whiskers"
      }
    },
    "whiskers": {
      "inputs": {
        "nixpkgs": [
          "nixpkgs"
        ]
      },
      "locked": {
        "lastModified": 1773418203,
        "narHash": "sha256-hQ9JqgkRPTYybdC65v1/1OMc8+7N/u9LaAcxL9uQ3fU=",
        "owner": "everviolet",
        "repo": "whiskers",
        "rev": "073c5a6504a6aa9814ee33247b2dc6c81b722264",
        "type": "github"
      },
      "original": {
        "owner": "everviolet",
        "repo": "whiskers",
        "type": "github"
      }
    }
  },
  "root": "root",
  "version": 7
}
